{
  "requires": true,
  "lockfileVersion": 1,
  "dependencies": {
    "@types/timsort": {
      "version": "0.3.0",
      "resolved": "https://registry.npmjs.org/@types/timsort/-/timsort-0.3.0.tgz",
      "integrity": "sha512-SFjNmiiq4uCs9eXvxbaJMa8pnmlepV8dT2p0nCfdRL1h/UU7ZQFsnCLvtXRHTb3rnyILpQz4Kh8JoTqvDdgxYw=="
    }
  }
}
